PODS:
  - Rapier (0.0.1):
    - Rapier/Manual (= 0.0.1)
    - Swinject
  - Rapier/Manual (0.0.1):
    - Swinject
  - Swinject (2.4.1)

DEPENDENCIES:
  - Rapier (from `../`)

SPEC REPOS:
  https://github.com/cocoapods/specs.git:
    - Swinject

EXTERNAL SOURCES:
  Rapier:
    :path: "../"

SPEC CHECKSUMS:
  Rapier: 2760aa8ca54a8a7e3f9a9c325a8fddbaf9133e19
  Swinject: f7f15a9672e99328c1f07f277091087917215700

PODFILE CHECKSUM: 7cb6760d6ccde4eb17427e94262c1c64f20a62db

COCOAPODS: 1.5.3
