PODS:
  - Rapier (0.0.2):
    - Rapier/Manual (= 0.0.2)
    - Swinject
  - Rapier/Manual (0.0.2):
    - Swinject
  - Swinject (2.4.1)

DEPENDENCIES:
  - Rapier (from `../`)

SPEC REPOS:
  https://github.com/cocoapods/specs.git:
    - Swinject

EXTERNAL SOURCES:
  Rapier:
    :path: "../"

SPEC CHECKSUMS:
  Rapier: 560faeceb51f5c81ba27908dfd84714955198674
  Swinject: f7f15a9672e99328c1f07f277091087917215700

PODFILE CHECKSUM: 7957fa5ef1cc81b24cd537191cfad1d8cd9d4616

COCOAPODS: 1.5.3
